
Microsoft Visual Studio Solution File, Format Version 12.00
# Visual Studio Version 17
VisualStudioVersion = 17.9.34622.214
MinimumVisualStudioVersion = 10.0.40219.1
Project("{9A19103F-16F7-4668-BE54-9A1E7A4F7556}") = "M02EX001", "M02EX001\M02EX001.csproj", "{90E5E791-5806-407A-A377-5163EF0DE849}"
EndProject
Project("{9A19103F-16F7-4668-BE54-9A1E7A4F7556}") = "M02EX002", "M02EX002\M02EX002.csproj", "{F55A59D4-C8C3-4C7C-8161-12B3BE541D46}"
EndProject
Project("{9A19103F-16F7-4668-BE54-9A1E7A4F7556}") = "M02EX003", "M02EX003\M02EX003.csproj", "{0931A1E8-7133-4178-824F-CBBBF471427A}"
EndProject
Project("{9A19103F-16F7-4668-BE54-9A1E7A4F7556}") = "M02EX004", "M02EX004\M02EX004.csproj", "{E3208B4F-DC29-4CF4-B630-B1A0ED498B4E}"
EndProject
Project("{9A19103F-16F7-4668-BE54-9A1E7A4F7556}") = "M02EX005", "M02EX05\M02EX005.csproj", "{01148C73-4AE5-43B2-9303-098E25A11331}"
EndProject
Project("{9A19103F-16F7-4668-BE54-9A1E7A4F7556}") = "M02A06", "M02A06\M02A06.csproj", "{16101971-4A29-4CAC-A27F-A76FFFB39CEF}"
EndProject
Project("{9A19103F-16F7-4668-BE54-9A1E7A4F7556}") = "M02EX005B", "M02EX005B\M02EX005B.csproj", "{E3A93E99-BA75-4B60-A040-DCF47C9BD2E2}"
EndProject
Project("{9A19103F-16F7-4668-BE54-9A1E7A4F7556}") = "M02EX006", "M02EX006\M02EX006.csproj", "{D0BF2C11-4581-441C-92F0-EB082EFB6E3E}"
EndProject
Project("{9A19103F-16F7-4668-BE54-9A1E7A4F7556}") = "M02EX007", "M02EX007\M02EX007.csproj", "{9272F7A7-E12E-4607-82E4-3FF5940BAEE7}"
EndProject
Project("{9A19103F-16F7-4668-BE54-9A1E7A4F7556}") = "M002EX008OperadorCondicional", "M002EX008\M002EX008OperadorCondicional.csproj", "{06C39259-2B01-40DD-BA24-BD0060FAAAF7}"
EndProject
Project("{FAE04EC0-301F-11D3-BF4B-00C04F79EFBC}") = "M02EX009BasesNuméricas", "M02EX009BasesNuméricas\M02EX009BasesNuméricas.csproj", "{548B3B6E-DD09-4009-AD80-26EF90658CF8}"
EndProject
Global
	GlobalSection(SolutionConfigurationPlatforms) = preSolution
		Debug|Any CPU = Debug|Any CPU
		Release|Any CPU = Release|Any CPU
	EndGlobalSection
	GlobalSection(ProjectConfigurationPlatforms) = postSolution
		{90E5E791-5806-407A-A377-5163EF0DE849}.Debug|Any CPU.ActiveCfg = Debug|Any CPU
		{90E5E791-5806-407A-A377-5163EF0DE849}.Debug|Any CPU.Build.0 = Debug|Any CPU
		{90E5E791-5806-407A-A377-5163EF0DE849}.Release|Any CPU.ActiveCfg = Release|Any CPU
		{90E5E791-5806-407A-A377-5163EF0DE849}.Release|Any CPU.Build.0 = Release|Any CPU
		{F55A59D4-C8C3-4C7C-8161-12B3BE541D46}.Debug|Any CPU.ActiveCfg = Debug|Any CPU
		{F55A59D4-C8C3-4C7C-8161-12B3BE541D46}.Debug|Any CPU.Build.0 = Debug|Any CPU
		{F55A59D4-C8C3-4C7C-8161-12B3BE541D46}.Release|Any CPU.ActiveCfg = Release|Any CPU
		{F55A59D4-C8C3-4C7C-8161-12B3BE541D46}.Release|Any CPU.Build.0 = Release|Any CPU
		{0931A1E8-7133-4178-824F-CBBBF471427A}.Debug|Any CPU.ActiveCfg = Debug|Any CPU
		{0931A1E8-7133-4178-824F-CBBBF471427A}.Debug|Any CPU.Build.0 = Debug|Any CPU
		{0931A1E8-7133-4178-824F-CBBBF471427A}.Release|Any CPU.ActiveCfg = Release|Any CPU
		{0931A1E8-7133-4178-824F-CBBBF471427A}.Release|Any CPU.Build.0 = Release|Any CPU
		{E3208B4F-DC29-4CF4-B630-B1A0ED498B4E}.Debug|Any CPU.ActiveCfg = Debug|Any CPU
		{E3208B4F-DC29-4CF4-B630-B1A0ED498B4E}.Debug|Any CPU.Build.0 = Debug|Any CPU
		{E3208B4F-DC29-4CF4-B630-B1A0ED498B4E}.Release|Any CPU.ActiveCfg = Release|Any CPU
		{E3208B4F-DC29-4CF4-B630-B1A0ED498B4E}.Release|Any CPU.Build.0 = Release|Any CPU
		{01148C73-4AE5-43B2-9303-098E25A11331}.Debug|Any CPU.ActiveCfg = Debug|Any CPU
		{01148C73-4AE5-43B2-9303-098E25A11331}.Debug|Any CPU.Build.0 = Debug|Any CPU
		{01148C73-4AE5-43B2-9303-098E25A11331}.Release|Any CPU.ActiveCfg = Release|Any CPU
		{01148C73-4AE5-43B2-9303-098E25A11331}.Release|Any CPU.Build.0 = Release|Any CPU
		{16101971-4A29-4CAC-A27F-A76FFFB39CEF}.Debug|Any CPU.ActiveCfg = Debug|Any CPU
		{16101971-4A29-4CAC-A27F-A76FFFB39CEF}.Debug|Any CPU.Build.0 = Debug|Any CPU
		{16101971-4A29-4CAC-A27F-A76FFFB39CEF}.Release|Any CPU.ActiveCfg = Release|Any CPU
		{16101971-4A29-4CAC-A27F-A76FFFB39CEF}.Release|Any CPU.Build.0 = Release|Any CPU
		{E3A93E99-BA75-4B60-A040-DCF47C9BD2E2}.Debug|Any CPU.ActiveCfg = Debug|Any CPU
		{E3A93E99-BA75-4B60-A040-DCF47C9BD2E2}.Debug|Any CPU.Build.0 = Debug|Any CPU
		{E3A93E99-BA75-4B60-A040-DCF47C9BD2E2}.Release|Any CPU.ActiveCfg = Release|Any CPU
		{E3A93E99-BA75-4B60-A040-DCF47C9BD2E2}.Release|Any CPU.Build.0 = Release|Any CPU
		{D0BF2C11-4581-441C-92F0-EB082EFB6E3E}.Debug|Any CPU.ActiveCfg = Debug|Any CPU
		{D0BF2C11-4581-441C-92F0-EB082EFB6E3E}.Debug|Any CPU.Build.0 = Debug|Any CPU
		{D0BF2C11-4581-441C-92F0-EB082EFB6E3E}.Release|Any CPU.ActiveCfg = Release|Any CPU
		{D0BF2C11-4581-441C-92F0-EB082EFB6E3E}.Release|Any CPU.Build.0 = Release|Any CPU
		{9272F7A7-E12E-4607-82E4-3FF5940BAEE7}.Debug|Any CPU.ActiveCfg = Debug|Any CPU
		{9272F7A7-E12E-4607-82E4-3FF5940BAEE7}.Debug|Any CPU.Build.0 = Debug|Any CPU
		{9272F7A7-E12E-4607-82E4-3FF5940BAEE7}.Release|Any CPU.ActiveCfg = Release|Any CPU
		{9272F7A7-E12E-4607-82E4-3FF5940BAEE7}.Release|Any CPU.Build.0 = Release|Any CPU
		{06C39259-2B01-40DD-BA24-BD0060FAAAF7}.Debug|Any CPU.ActiveCfg = Debug|Any CPU
		{06C39259-2B01-40DD-BA24-BD0060FAAAF7}.Debug|Any CPU.Build.0 = Debug|Any CPU
		{06C39259-2B01-40DD-BA24-BD0060FAAAF7}.Release|Any CPU.ActiveCfg = Release|Any CPU
		{06C39259-2B01-40DD-BA24-BD0060FAAAF7}.Release|Any CPU.Build.0 = Release|Any CPU
		{548B3B6E-DD09-4009-AD80-26EF90658CF8}.Debug|Any CPU.ActiveCfg = Debug|Any CPU
		{548B3B6E-DD09-4009-AD80-26EF90658CF8}.Debug|Any CPU.Build.0 = Debug|Any CPU
		{548B3B6E-DD09-4009-AD80-26EF90658CF8}.Release|Any CPU.ActiveCfg = Release|Any CPU
		{548B3B6E-DD09-4009-AD80-26EF90658CF8}.Release|Any CPU.Build.0 = Release|Any CPU
	EndGlobalSection
	GlobalSection(SolutionProperties) = preSolution
		HideSolutionNode = FALSE
	EndGlobalSection
	GlobalSection(ExtensibilityGlobals) = postSolution
		SolutionGuid = {6CA9C4B3-622A-4B1F-BF52-F7321742476A}
	EndGlobalSection
EndGlobal
